lockfileVersion: '6.0'

settings:
  autoInstallPeers: true
  excludeLinksFromLockfile: false

importers:

  .:
    devDependencies:
      eslint:
        specifier: ^8.16.0
 version: 8.34.0
      eslint-config-custom:
   specifier: workspace:*
 version: link:packages/eslint-config-custom
      husky:
specifier: ^8.0.3
        version: 8.0.3
prettier:
        specifier: ^2.5.1
        version: 2.8.0
 turbo:
        specifier: latest
version: 1.10.3

  apps/subgraph:
    dependencies:
  '@graphprotocol/graph-cli':
   specifier: 0.50.1
        version: 0.50.1(@types/node@18.13.0)(node-fetch@2.6.9)(typescript@4.9.5)
 '@graphprotocol/graph-ts':
        specifier: 0.30.0
  version: 0.30.0
    devDependencies:
  matchstick-as:
        specifier: 0.5.0
 version: 0.5.0

  apps/web:
        
 dependencies:
      '@ethersproject/abstract-provider':
 specifier: ^5.7.0
version: 5.7.0
      '@ethersproject/providers':
 specifier: ^5.7.0
        version: 5.7.2
 '@farcaster/hub-nodejs':
 specifier: ^0.8.0
        version: 0.8.0(typescript@4.9.5)
 '@fontsource/inter':
        specifier: 4.5.10
version: 4.5.10
'@fontsource/londrina-solid':
        specifier: ^4.5.9
 version: 4.5.11
      '@rainbow-me/rainbowkit':
  specifier: ^0.12.15
        version: 0.12.15(@types/react@18.0.28)(ethers@5.7.2)(react-dom@18.2.0)(react@18.2.0)(wagmi@0.12.17)
 '@sentry/nextjs':
        specifier: ^7.15.0
  version: 7.37.1(next@13.1.6)(react@18.2.0)(webpack@5.75.0)
'@types/lodash':
 specifier: ^4.14.186
version: 4.14.191
      '@types/react-portal':
   specifier: ^4.0.4
        version: 4.0.4
 '@types/tinycolor2':
        specifier: ^1.4.3
 version: 1.4.3
      '@vanilla-extract/next-plugin':
 specifier: ^2.0.2
        version: 2.1.1(next@13.1.6)(webpack@5.75.0)
 '@vanilla-extract/recipes':
        specifier: ^0.2.5
 version: 0.2.5(@vanilla-extract/css@1.9.5)
'@vercel/og':
        specifier: ^0.4.0
 version: 0.4.0
      '@wagmi/core':
 specifier: 0.10.15
        version: 0.10.15(ethers@5.7.2)(react@18.2.0)(typescript@4.9.5)
'@zoralabs/nouns-protocol':
        specifier: 1.2.0
 version: 1.2.0
      '@zoralabs/zord':
 specifier: workspace:*
version: link:../../packages/zoralabs-zord
      analytics:
  specifier: workspace:*
        version: link:../../packages/analytics
  axios:
        specifier: ^0.27.2
version: 0.27.2
      bignumber.js:
  specifier: ^9.1.0
        version: 9.1.1
  blocklist:
        specifier: workspace:*
        version: link:../../packages/blocklist
  dayjs:
        specifier: ^1.11.3
        version: 1.11.7
 ethers:
        specifier: ^5.6.9
        version: 5.7.2
 '@farcaster/hub-nodejs':
        specifier: ^0.8.0
  version: 0.8.0(typescript@4.9.5)
      '@fontsource/inter':
   specifier: 4.5.10
        version: 4.5.10
@fontsource/londrina-solid':
        specifier: ^4.5.9
version: 4.5.11
      '@rainbow-me/rainbowkit':
 specifier: ^0.12.15
        version: 0.12.15(@types/react@18.0.28)(ethers@5.7.2)(react-dom@18.2.0)(react@18.2.0)(wagmi@0.12.17)
 '@sentry/nextjs':
        specifier: ^7.15.0
        version: 7.37.1(next@13.1.6)(react@18.2.0)(webpack@5.75.0)
 '@types/lodash':
        specifier: ^4.14.186
nouns-builder/pnpm-lock.yaml at main · ourzora/nouns-builder
specifier: ^3.0.9
        version: 3.0.9(react@18.2.0)
 ioredis:
        specifier: ^5.2.3
        version: 5.3.1
ipfs-http-client:
        specifier: ^59.0.0
  version: 59.0.0
      ipfs-service:
        specifier: workspace:*
        version: link:../../packages/ipfs-service
  lodash:
        specifier: ^4.17.21
        version: 4.17.21
  multiformats:
        specifier: 9.9.0
 version: 9.9.0
      next:
        specifier: ^13.0.3
version: 13.1.6(@babel/core@7.20.12)(react-dom@18.2.0)(react@18.2.0)
      raw-loader:
        specifier: ^4.0.2
        version: 4.0.2(webpack@5.75.0)
 react:
        specifier: ^18.2.0
 version: 18.2.0
      react-content-loader:
  specifier: ^6.0.2
        version: 6.2.0(react@18.2.0)
  react-dom:
        specifier: ^18.2.0
        version: 18.2.0(react@18.2.0)
 react-markdown:
        specifier: ^8.0.5
 version: 8.0.5(@types/react@18.0.28)(react@18.2.0)
      react-mde:
        specifier: ^11.5.0
 version: 11.5.0(react-dom@18.2.0)(react@18.2.0)
      react-portal:
  specifier: ^4.2.2
        version: 4.2.2(react-dom@18.2.0)(react@18.2.0)
 rehype-raw:
        specifier: ^6.1.1
 version: 6.1.1
      rehype-sanitize:
 specifier: ^5.0.1
 version: 5.0.1
      remark-gfm:
 specifier: ^3.0.1
        version: 3.0.1
 swr:
        specifier: ^1.3.0
        version: 1.3.0(react@18.2.0)
 tinycolor2:
        specifier: ^1.4.2
 version: 1.6.0
      wagmi:
        specifier: 0.12.17
 version: 0.12.17(ethers@5.7.2)(react-dom@18.2.0)(react@18.2.0)(typescript@4.9.5)
      yup:
        specifier: ^0.32.9
