lockfileVersion: '6.0'

settings:
  autoInstallPeers: true
  excludeLinksFromLockfile: false

importers:

  .:
    devDependencies:
      eslint:
        specifier: ^8.16.0
 version: 8.34.0
      eslint-config-custom:
   specifier: workspace:*
 version: link:packages/eslint-config-custom
      husky:
specifier: ^8.0.3
        version: 8.0.3
prettier:
        specifier: ^2.5.1
        version: 2.8.0
 turbo:
        specifier: latest
version: 1.10.3

  apps/subgraph:
    dependencies:
  '@graphprotocol/graph-cli':
   specifier: 0.50.1
        version: 0.50.1(@types/node@18.13.0)(node-fetch@2.6.9)(typescript@4.9.5)
 '@graphprotocol/graph-ts':
        specifier: 0.30.0
  version: 0.30.0
    devDependencies:
  matchstick-as:
        specifier: 0.5.0
 version: 0.5.0

  apps/web:
        
 dependencies:
      '@ethersproject/abstract-provider':
 specifier: ^5.7.0
version: 5.7.0
      '@ethersproject/providers':
 specifier: ^5.7.0
        version: 5.7.2
 '@farcaster/hub-nodejs':
 specifier: ^0.8.0
        version: 0.8.0(typescript@4.9.5)
 '@fontsource/inter':
        specifier: 4.5.10
version: 4.5.10
'@fontsource/londrina-solid':
        specifier: ^4.5.9
 version: 4.5.11
      '@rainbow-me/rainbowkit':
  specifier: ^0.12.15
        version: 0.12.15(@types/react@18.0.28)(ethers@5.7.2)(react-dom@18.2.0)(react@18.2.0)(wagmi@0.12.17)
 '@sentry/nextjs':
        specifier: ^7.15.0
